// !$*UTF8*$!
{
	archiveVersion = 1;
	classes = {
	};
	objectVersion = 46;
	objects = {

/* Begin PBXBuildFile section */
		9918F52A1D431BA800EC7B26 /* DB.swift in Sources */ = {isa = PBXBuildFile; fileRef = 9918F5291D431BA800EC7B26 /* DB.swift */; };
		9918F52C1D431EAA00EC7B26 /* JASON+Alamofire.swift in Sources */ = {isa = PBXBuildFile; fileRef = 9918F52B1D431EAA00EC7B26 /* JASON+Alamofire.swift */; };
		9918F52E1D431F4600EC7B26 /* JSONKEYsExtension.swift in Sources */ = {isa = PBXBuildFile; fileRef = 9918F52D1D431F4600EC7B26 /* JSONKEYsExtension.swift */; };
		9918F5311D431FEE00EC7B26 /* MenuNetwork.swift in Sources */ = {isa = PBXBuildFile; fileRef = 9918F5301D431FEE00EC7B26 /* MenuNetwork.swift */; };
		9918F5341D4320B300EC7B26 /* AppConstant.swift in Sources */ = {isa = PBXBuildFile; fileRef = 9918F5331D4320B300EC7B26 /* AppConstant.swift */; };
		9966F84C1D43AB6C00DFE987 /* ProfileViewController.swift in Sources */ = {isa = PBXBuildFile; fileRef = 9966F84B1D43AB6C00DFE987 /* ProfileViewController.swift */; };
		9966F84E1D43AF8B00DFE987 /* CustomerHistoryView.swift in Sources */ = {isa = PBXBuildFile; fileRef = 9966F84D1D43AF8B00DFE987 /* CustomerHistoryView.swift */; };
		9966F8501D43AFB500DFE987 /* CustomerHistoryView.xib in Resources */ = {isa = PBXBuildFile; fileRef = 9966F84F1D43AFB500DFE987 /* CustomerHistoryView.xib */; };
		9966F8521D43B09200DFE987 /* CustomerHistoryCell.swift in Sources */ = {isa = PBXBuildFile; fileRef = 9966F8511D43B09200DFE987 /* CustomerHistoryCell.swift */; };
		9966F8541D43B0C400DFE987 /* CustomerHistoryCell.xib in Resources */ = {isa = PBXBuildFile; fileRef = 9966F8531D43B0C400DFE987 /* CustomerHistoryCell.xib */; };
		9966F8571D43B77F00DFE987 /* CustomerHistory.swift in Sources */ = {isa = PBXBuildFile; fileRef = 9966F8561D43B77F00DFE987 /* CustomerHistory.swift */; };
		9966F8591D43BA9900DFE987 /* HistoryNetwork.swift in Sources */ = {isa = PBXBuildFile; fileRef = 9966F8581D43BA9900DFE987 /* HistoryNetwork.swift */; };
		9966F85B1D43C59900DFE987 /* UIColorExtension.swift in Sources */ = {isa = PBXBuildFile; fileRef = 9966F85A1D43C59900DFE987 /* UIColorExtension.swift */; };
		999698E11D40D9DA0021184E /* VideoViewController.swift in Sources */ = {isa = PBXBuildFile; fileRef = 999698E01D40D9DA0021184E /* VideoViewController.swift */; };
		999698E51D40DEAA0021184E /* VideoCell.swift in Sources */ = {isa = PBXBuildFile; fileRef = 999698E41D40DEAA0021184E /* VideoCell.swift */; };
		999698E71D40DF9B0021184E /* Video.swift in Sources */ = {isa = PBXBuildFile; fileRef = 999698E61D40DF9B0021184E /* Video.swift */; };
		999698EB1D40E1B30021184E /* LazyImage.swift in Sources */ = {isa = PBXBuildFile; fileRef = 999698EA1D40E1B30021184E /* LazyImage.swift */; };
		99BE9DD91D40760D00429478 /* AppDelegate.swift in Sources */ = {isa = PBXBuildFile; fileRef = 99BE9DD81D40760D00429478 /* AppDelegate.swift */; };
		99BE9DDE1D40760D00429478 /* Main.storyboard in Resources */ = {isa = PBXBuildFile; fileRef = 99BE9DDC1D40760D00429478 /* Main.storyboard */; };
		99BE9DE01D40760D00429478 /* Assets.xcassets in Resources */ = {isa = PBXBuildFile; fileRef = 99BE9DDF1D40760D00429478 /* Assets.xcassets */; };
		99BE9DE31D40760D00429478 /* LaunchScreen.storyboard in Resources */ = {isa = PBXBuildFile; fileRef = 99BE9DE11D40760D00429478 /* LaunchScreen.storyboard */; };
		99BE9DEF1D40799700429478 /* HomeViewController.swift in Sources */ = {isa = PBXBuildFile; fileRef = 99BE9DEE1D40799700429478 /* HomeViewController.swift */; };
		99BE9DF11D40845B00429478 /* MenuCell.swift in Sources */ = {isa = PBXBuildFile; fileRef = 99BE9DF01D40845B00429478 /* MenuCell.swift */; };
		99BE9DF31D4084F700429478 /* Menu.swift in Sources */ = {isa = PBXBuildFile; fileRef = 99BE9DF21D4084F700429478 /* Menu.swift */; };
		99C4CB321D433F46006BD121 /* SlideNetwork.swift in Sources */ = {isa = PBXBuildFile; fileRef = 99C4CB311D433F46006BD121 /* SlideNetwork.swift */; };
		DBEADA86A5D072CA63EE3FD1 /* Pods_30Shine.framework in Frameworks */ = {isa = PBXBuildFile; fileRef = 838FF4F4FB476EEA698D3134 /* Pods_30Shine.framework */; };
		E80076A21D462A2300F394CF /* ComboCell.swift in Sources */ = {isa = PBXBuildFile; fileRef = E80076A11D462A2300F394CF /* ComboCell.swift */; };
		E80076A61D462A4800F394CF /* ComboCell.xib in Resources */ = {isa = PBXBuildFile; fileRef = E80076A51D462A4800F394CF /* ComboCell.xib */; };
		E80076AD1D465FA400F394CF /* SalonNetwork.swift in Sources */ = {isa = PBXBuildFile; fileRef = E80076AC1D465FA400F394CF /* SalonNetwork.swift */; };
		E81016EE1D40F83F00600613 /* ChainSystemViewController.swift in Sources */ = {isa = PBXBuildFile; fileRef = E81016ED1D40F83F00600613 /* ChainSystemViewController.swift */; };
		E81016F01D40F85C00600613 /* UTM Alexander.ttf in Resources */ = {isa = PBXBuildFile; fileRef = E81016EF1D40F85C00600613 /* UTM Alexander.ttf */; };
		E81016F21D410F3600600613 /* SalonCell.swift in Sources */ = {isa = PBXBuildFile; fileRef = E81016F11D410F3600600613 /* SalonCell.swift */; };
		E81016F41D410FF300600613 /* Salon.swift in Sources */ = {isa = PBXBuildFile; fileRef = E81016F31D410FF300600613 /* Salon.swift */; };
		E81016F61D41127700600613 /* ListSalonView.swift in Sources */ = {isa = PBXBuildFile; fileRef = E81016F51D41127700600613 /* ListSalonView.swift */; };
		E81016F81D41129200600613 /* ListSalonView.xib in Resources */ = {isa = PBXBuildFile; fileRef = E81016F71D41129200600613 /* ListSalonView.xib */; };
		E81016FB1D41132A00600613 /* SalonTableCell.swift in Sources */ = {isa = PBXBuildFile; fileRef = E81016F91D41132A00600613 /* SalonTableCell.swift */; };
		E81016FC1D41132A00600613 /* SalonTableCell.xib in Resources */ = {isa = PBXBuildFile; fileRef = E81016FA1D41132A00600613 /* SalonTableCell.xib */; };
		E812EA9C1D4777FE0030EFE7 /* ComboNetwork.swift in Sources */ = {isa = PBXBuildFile; fileRef = E812EA9B1D4777FD0030EFE7 /* ComboNetwork.swift */; };
		E812EA9E1D4785A70030EFE7 /* OtherService.swift in Sources */ = {isa = PBXBuildFile; fileRef = E812EA9D1D4785A70030EFE7 /* OtherService.swift */; };
		E812EAA01D47877A0030EFE7 /* OtherServiceNetwork.swift in Sources */ = {isa = PBXBuildFile; fileRef = E812EA9F1D47877A0030EFE7 /* OtherServiceNetwork.swift */; };
		E89F8C921D4234D60015931A /* DetailSalonView.swift in Sources */ = {isa = PBXBuildFile; fileRef = E89F8C901D4234D60015931A /* DetailSalonView.swift */; };
		E89F8C931D4234D60015931A /* DetailSalonView.xib in Resources */ = {isa = PBXBuildFile; fileRef = E89F8C911D4234D60015931A /* DetailSalonView.xib */; };
		E89F8C971D4240CA0015931A /* OtherServicesCell.xib in Resources */ = {isa = PBXBuildFile; fileRef = E89F8C951D4240CA0015931A /* OtherServicesCell.xib */; };
		E89F8C991D4240E80015931A /* ServiceView.swift in Sources */ = {isa = PBXBuildFile; fileRef = E89F8C981D4240E80015931A /* ServiceView.swift */; };
		E89F8C9B1D4240F60015931A /* ServiceView.xib in Resources */ = {isa = PBXBuildFile; fileRef = E89F8C9A1D4240F60015931A /* ServiceView.xib */; };
		E89F8C9D1D4257920015931A /* OtherServicesView.xib in Resources */ = {isa = PBXBuildFile; fileRef = E89F8C9C1D4257920015931A /* OtherServicesView.xib */; };
		E89F8C9F1D4257A10015931A /* OtherServicesView.swift in Sources */ = {isa = PBXBuildFile; fileRef = E89F8C9E1D4257A10015931A /* OtherServicesView.swift */; };
		E89F8CA31D4258EE0015931A /* ShineComboView.swift in Sources */ = {isa = PBXBuildFile; fileRef = E89F8CA21D4258EE0015931A /* ShineComboView.swift */; };
		E89F8CA51D4258FD0015931A /* ShineComboView.xib in Resources */ = {isa = PBXBuildFile; fileRef = E89F8CA41D4258FD0015931A /* ShineComboView.xib */; };
		E89F8CA71D4260BB0015931A /* UIViewExtension.swift in Sources */ = {isa = PBXBuildFile; fileRef = E89F8CA61D4260BB0015931A /* UIViewExtension.swift */; };
		E89F8CA91D42695C0015931A /* Combo.swift in Sources */ = {isa = PBXBuildFile; fileRef = E89F8CA81D42695C0015931A /* Combo.swift */; };
		E89F8CAB1D426C200015931A /* OtherServicesCell.swift in Sources */ = {isa = PBXBuildFile; fileRef = E89F8CAA1D426C200015931A /* OtherServicesCell.swift */; };
/* End PBXBuildFile section */

/* Begin PBXFileReference section */
		17FAE5D677117CFA7E43D718 /* Pods-30Shine.debug.xcconfig */ = {isa = PBXFileReference; includeInIndex = 1; lastKnownFileType = text.xcconfig; name = "Pods-30Shine.debug.xcconfig"; path = "Pods/Target Support Files/Pods-30Shine/Pods-30Shine.debug.xcconfig"; sourceTree = "<group>"; };
		540C3FE2B4771421D2E71F1C /* Pods-30Shine.release.xcconfig */ = {isa = PBXFileReference; includeInIndex = 1; lastKnownFileType = text.xcconfig; name = "Pods-30Shine.release.xcconfig"; path = "Pods/Target Support Files/Pods-30Shine/Pods-30Shine.release.xcconfig"; sourceTree = "<group>"; };
		838FF4F4FB476EEA698D3134 /* Pods_30Shine.framework */ = {isa = PBXFileReference; explicitFileType = wrapper.framework; includeInIndex = 0; path = Pods_30Shine.framework; sourceTree = BUILT_PRODUCTS_DIR; };
		9918F5291D431BA800EC7B26 /* DB.swift */ = {isa = PBXFileReference; fileEncoding = 4; lastKnownFileType = sourcecode.swift; path = DB.swift; sourceTree = "<group>"; };
		9918F52B1D431EAA00EC7B26 /* JASON+Alamofire.swift */ = {isa = PBXFileReference; fileEncoding = 4; lastKnownFileType = sourcecode.swift; path = "JASON+Alamofire.swift"; sourceTree = "<group>"; };
		9918F52D1D431F4600EC7B26 /* JSONKEYsExtension.swift */ = {isa = PBXFileReference; fileEncoding = 4; lastKnownFileType = sourcecode.swift; path = JSONKEYsExtension.swift; sourceTree = "<group>"; };
		9918F5301D431FEE00EC7B26 /* MenuNetwork.swift */ = {isa = PBXFileReference; fileEncoding = 4; lastKnownFileType = sourcecode.swift; path = MenuNetwork.swift; sourceTree = "<group>"; };
		9918F5331D4320B300EC7B26 /* AppConstant.swift */ = {isa = PBXFileReference; fileEncoding = 4; lastKnownFileType = sourcecode.swift; path = AppConstant.swift; sourceTree = "<group>"; };
		9966F84B1D43AB6C00DFE987 /* ProfileViewController.swift */ = {isa = PBXFileReference; fileEncoding = 4; lastKnownFileType = sourcecode.swift; path = ProfileViewController.swift; sourceTree = "<group>"; };
		9966F84D1D43AF8B00DFE987 /* CustomerHistoryView.swift */ = {isa = PBXFileReference; fileEncoding = 4; lastKnownFileType = sourcecode.swift; path = CustomerHistoryView.swift; sourceTree = "<group>"; };
		9966F84F1D43AFB500DFE987 /* CustomerHistoryView.xib */ = {isa = PBXFileReference; fileEncoding = 4; lastKnownFileType = file.xib; path = CustomerHistoryView.xib; sourceTree = "<group>"; };
		9966F8511D43B09200DFE987 /* CustomerHistoryCell.swift */ = {isa = PBXFileReference; fileEncoding = 4; lastKnownFileType = sourcecode.swift; path = CustomerHistoryCell.swift; sourceTree = "<group>"; };
		9966F8531D43B0C400DFE987 /* CustomerHistoryCell.xib */ = {isa = PBXFileReference; fileEncoding = 4; lastKnownFileType = file.xib; path = CustomerHistoryCell.xib; sourceTree = "<group>"; };
		9966F8561D43B77F00DFE987 /* CustomerHistory.swift */ = {isa = PBXFileReference; fileEncoding = 4; lastKnownFileType = sourcecode.swift; path = CustomerHistory.swift; sourceTree = "<group>"; };
		9966F8581D43BA9900DFE987 /* HistoryNetwork.swift */ = {isa = PBXFileReference; fileEncoding = 4; lastKnownFileType = sourcecode.swift; path = HistoryNetwork.swift; sourceTree = "<group>"; };
		9966F85A1D43C59900DFE987 /* UIColorExtension.swift */ = {isa = PBXFileReference; fileEncoding = 4; lastKnownFileType = sourcecode.swift; path = UIColorExtension.swift; sourceTree = "<group>"; };
		999698E01D40D9DA0021184E /* VideoViewController.swift */ = {isa = PBXFileReference; fileEncoding = 4; lastKnownFileType = sourcecode.swift; path = VideoViewController.swift; sourceTree = "<group>"; };
		999698E41D40DEAA0021184E /* VideoCell.swift */ = {isa = PBXFileReference; fileEncoding = 4; lastKnownFileType = sourcecode.swift; path = VideoCell.swift; sourceTree = "<group>"; };
		999698E61D40DF9B0021184E /* Video.swift */ = {isa = PBXFileReference; fileEncoding = 4; lastKnownFileType = sourcecode.swift; path = Video.swift; sourceTree = "<group>"; };
		999698EA1D40E1B30021184E /* LazyImage.swift */ = {isa = PBXFileReference; fileEncoding = 4; lastKnownFileType = sourcecode.swift; path = LazyImage.swift; sourceTree = "<group>"; };
		99BE9DD51D40760D00429478 /* 30Shine.app */ = {isa = PBXFileReference; explicitFileType = wrapper.application; includeInIndex = 0; path = 30Shine.app; sourceTree = BUILT_PRODUCTS_DIR; };
		99BE9DD81D40760D00429478 /* AppDelegate.swift */ = {isa = PBXFileReference; lastKnownFileType = sourcecode.swift; path = AppDelegate.swift; sourceTree = "<group>"; };
		99BE9DDD1D40760D00429478 /* Base */ = {isa = PBXFileReference; lastKnownFileType = file.storyboard; name = Base; path = Base.lproj/Main.storyboard; sourceTree = "<group>"; };
		99BE9DDF1D40760D00429478 /* Assets.xcassets */ = {isa = PBXFileReference; lastKnownFileType = folder.assetcatalog; path = Assets.xcassets; sourceTree = "<group>"; };
		99BE9DE21D40760D00429478 /* Base */ = {isa = PBXFileReference; lastKnownFileType = file.storyboard; name = Base; path = Base.lproj/LaunchScreen.storyboard; sourceTree = "<group>"; };
		99BE9DE41D40760D00429478 /* Info.plist */ = {isa = PBXFileReference; lastKnownFileType = text.plist.xml; path = Info.plist; sourceTree = "<group>"; };
		99BE9DEE1D40799700429478 /* HomeViewController.swift */ = {isa = PBXFileReference; fileEncoding = 4; lastKnownFileType = sourcecode.swift; path = HomeViewController.swift; sourceTree = "<group>"; };
		99BE9DF01D40845B00429478 /* MenuCell.swift */ = {isa = PBXFileReference; fileEncoding = 4; lastKnownFileType = sourcecode.swift; path = MenuCell.swift; sourceTree = "<group>"; };
		99BE9DF21D4084F700429478 /* Menu.swift */ = {isa = PBXFileReference; fileEncoding = 4; lastKnownFileType = sourcecode.swift; path = Menu.swift; sourceTree = "<group>"; };
		99C4CB311D433F46006BD121 /* SlideNetwork.swift */ = {isa = PBXFileReference; fileEncoding = 4; lastKnownFileType = sourcecode.swift; path = SlideNetwork.swift; sourceTree = "<group>"; };
		E80076A11D462A2300F394CF /* ComboCell.swift */ = {isa = PBXFileReference; fileEncoding = 4; lastKnownFileType = sourcecode.swift; path = ComboCell.swift; sourceTree = "<group>"; };
		E80076A51D462A4800F394CF /* ComboCell.xib */ = {isa = PBXFileReference; fileEncoding = 4; lastKnownFileType = file.xib; path = ComboCell.xib; sourceTree = "<group>"; };
		E80076AC1D465FA400F394CF /* SalonNetwork.swift */ = {isa = PBXFileReference; fileEncoding = 4; lastKnownFileType = sourcecode.swift; path = SalonNetwork.swift; sourceTree = "<group>"; };
		E81016ED1D40F83F00600613 /* ChainSystemViewController.swift */ = {isa = PBXFileReference; fileEncoding = 4; lastKnownFileType = sourcecode.swift; path = ChainSystemViewController.swift; sourceTree = "<group>"; };
		E81016EF1D40F85C00600613 /* UTM Alexander.ttf */ = {isa = PBXFileReference; lastKnownFileType = file; name = "UTM Alexander.ttf"; path = "30Shine/UTM Alexander.ttf"; sourceTree = "<group>"; };
		E81016F11D410F3600600613 /* SalonCell.swift */ = {isa = PBXFileReference; fileEncoding = 4; lastKnownFileType = sourcecode.swift; path = SalonCell.swift; sourceTree = "<group>"; };
		E81016F31D410FF300600613 /* Salon.swift */ = {isa = PBXFileReference; fileEncoding = 4; lastKnownFileType = sourcecode.swift; path = Salon.swift; sourceTree = "<group>"; };
		E81016F51D41127700600613 /* ListSalonView.swift */ = {isa = PBXFileReference; fileEncoding = 4; lastKnownFileType = sourcecode.swift; path = ListSalonView.swift; sourceTree = "<group>"; };
		E81016F71D41129200600613 /* ListSalonView.xib */ = {isa = PBXFileReference; fileEncoding = 4; lastKnownFileType = file.xib; path = ListSalonView.xib; sourceTree = "<group>"; };
		E81016F91D41132A00600613 /* SalonTableCell.swift */ = {isa = PBXFileReference; fileEncoding = 4; lastKnownFileType = sourcecode.swift; path = SalonTableCell.swift; sourceTree = "<group>"; };
		E81016FA1D41132A00600613 /* SalonTableCell.xib */ = {isa = PBXFileReference; fileEncoding = 4; lastKnownFileType = file.xib; path = SalonTableCell.xib; sourceTree = "<group>"; };
		E812EA9B1D4777FD0030EFE7 /* ComboNetwork.swift */ = {isa = PBXFileReference; fileEncoding = 4; lastKnownFileType = sourcecode.swift; path = ComboNetwork.swift; sourceTree = "<group>"; };
		E812EA9D1D4785A70030EFE7 /* OtherService.swift */ = {isa = PBXFileReference; fileEncoding = 4; lastKnownFileType = sourcecode.swift; path = OtherService.swift; sourceTree = "<group>"; };
		E812EA9F1D47877A0030EFE7 /* OtherServiceNetwork.swift */ = {isa = PBXFileReference; fileEncoding = 4; lastKnownFileType = sourcecode.swift; path = OtherServiceNetwork.swift; sourceTree = "<group>"; };
		E89F8C901D4234D60015931A /* DetailSalonView.swift */ = {isa = PBXFileReference; fileEncoding = 4; lastKnownFileType = sourcecode.swift; path = DetailSalonView.swift; sourceTree = "<group>"; };
		E89F8C911D4234D60015931A /* DetailSalonView.xib */ = {isa = PBXFileReference; fileEncoding = 4; lastKnownFileType = file.xib; path = DetailSalonView.xib; sourceTree = "<group>"; };
		E89F8C951D4240CA0015931A /* OtherServicesCell.xib */ = {isa = PBXFileReference; fileEncoding = 4; lastKnownFileType = file.xib; path = OtherServicesCell.xib; sourceTree = "<group>"; };
		E89F8C981D4240E80015931A /* ServiceView.swift */ = {isa = PBXFileReference; fileEncoding = 4; lastKnownFileType = sourcecode.swift; path = ServiceView.swift; sourceTree = "<group>"; };
		E89F8C9A1D4240F60015931A /* ServiceView.xib */ = {isa = PBXFileReference; fileEncoding = 4; lastKnownFileType = file.xib; path = ServiceView.xib; sourceTree = "<group>"; };
		E89F8C9C1D4257920015931A /* OtherServicesView.xib */ = {isa = PBXFileReference; fileEncoding = 4; lastKnownFileType = file.xib; path = OtherServicesView.xib; sourceTree = "<group>"; };
		E89F8C9E1D4257A10015931A /* OtherServicesView.swift */ = {isa = PBXFileReference; fileEncoding = 4; lastKnownFileType = sourcecode.swift; path = OtherServicesView.swift; sourceTree = "<group>"; };
		E89F8CA21D4258EE0015931A /* ShineComboView.swift */ = {isa = PBXFileReference; fileEncoding = 4; lastKnownFileType = sourcecode.swift; path = ShineComboView.swift; sourceTree = "<group>"; };
		E89F8CA41D4258FD0015931A /* ShineComboView.xib */ = {isa = PBXFileReference; fileEncoding = 4; lastKnownFileType = file.xib; path = ShineComboView.xib; sourceTree = "<group>"; };
		E89F8CA61D4260BB0015931A /* UIViewExtension.swift */ = {isa = PBXFileReference; fileEncoding = 4; lastKnownFileType = sourcecode.swift; path = UIViewExtension.swift; sourceTree = "<group>"; };
		E89F8CA81D42695C0015931A /* Combo.swift */ = {isa = PBXFileReference; fileEncoding = 4; lastKnownFileType = sourcecode.swift; path = Combo.swift; sourceTree = "<group>"; };
		E89F8CAA1D426C200015931A /* OtherServicesCell.swift */ = {isa = PBXFileReference; fileEncoding = 4; lastKnownFileType = sourcecode.swift; path = OtherServicesCell.swift; sourceTree = "<group>"; };
/* End PBXFileReference section */

/* Begin PBXFrameworksBuildPhase section */
		99BE9DD21D40760D00429478 /* Frameworks */ = {
			isa = PBXFrameworksBuildPhase;
			buildActionMask = 2147483647;
			files = (
				DBEADA86A5D072CA63EE3FD1 /* Pods_30Shine.framework in Frameworks */,
			);
			runOnlyForDeploymentPostprocessing = 0;
		};
/* End PBXFrameworksBuildPhase section */

/* Begin PBXGroup section */
		31D612DF400ECA1FAB23B9B1 /* Pods */ = {
			isa = PBXGroup;
			children = (
				17FAE5D677117CFA7E43D718 /* Pods-30Shine.debug.xcconfig */,
				540C3FE2B4771421D2E71F1C /* Pods-30Shine.release.xcconfig */,
			);
			name = Pods;
			sourceTree = "<group>";
		};
		9918F52F1D431FBA00EC7B26 /* Home */ = {
			isa = PBXGroup;
			children = (
				99BE9DF21D4084F700429478 /* Menu.swift */,
				9918F5301D431FEE00EC7B26 /* MenuNetwork.swift */,
				99C4CB311D433F46006BD121 /* SlideNetwork.swift */,
			);
			name = Home;
			sourceTree = "<group>";
		};
		9966F8551D43B75C00DFE987 /* History */ = {
			isa = PBXGroup;
			children = (
				9966F8561D43B77F00DFE987 /* CustomerHistory.swift */,
				9966F8581D43BA9900DFE987 /* HistoryNetwork.swift */,
			);
			name = History;
			sourceTree = "<group>";
		};
		999698E81D40E19F0021184E /* Apple */ = {
			isa = PBXGroup;
			children = (
				E89F8CA61D4260BB0015931A /* UIViewExtension.swift */,
				9966F85A1D43C59900DFE987 /* UIColorExtension.swift */,
			);
			name = Apple;
			sourceTree = "<group>";
		};
		999698E91D40E1A40021184E /* Vendor */ = {
			isa = PBXGroup;
			children = (
				999698EA1D40E1B30021184E /* LazyImage.swift */,
				9918F52B1D431EAA00EC7B26 /* JASON+Alamofire.swift */,
				9918F52D1D431F4600EC7B26 /* JSONKEYsExtension.swift */,
			);
			name = Vendor;
			sourceTree = "<group>";
		};
		99BE9DCC1D40760D00429478 = {
			isa = PBXGroup;
			children = (
				E81016EF1D40F85C00600613 /* UTM Alexander.ttf */,
				99BE9DD71D40760D00429478 /* 30Shine */,
				99BE9DD61D40760D00429478 /* Products */,
				31D612DF400ECA1FAB23B9B1 /* Pods */,
				D82F3A5ED9DA035D44164AE6 /* Frameworks */,
			);
			sourceTree = "<group>";
		};
		99BE9DD61D40760D00429478 /* Products */ = {
			isa = PBXGroup;
			children = (
				99BE9DD51D40760D00429478 /* 30Shine.app */,
			);
			name = Products;
			sourceTree = "<group>";
		};
		99BE9DD71D40760D00429478 /* 30Shine */ = {
			isa = PBXGroup;
			children = (
				99BE9DD81D40760D00429478 /* AppDelegate.swift */,
				9918F5331D4320B300EC7B26 /* AppConstant.swift */,
				99BE9DED1D40785500429478 /* Library */,
				99BE9DEC1D40784B00429478 /* Model */,
				99BE9DEB1D40784600429478 /* View */,
				99BE9DEA1D40783700429478 /* Controller */,
				99BE9DE41D40760D00429478 /* Info.plist */,
			);
			path = 30Shine;
			sourceTree = "<group>";
		};
		99BE9DEA1D40783700429478 /* Controller */ = {
			isa = PBXGroup;
			children = (
				E81016ED1D40F83F00600613 /* ChainSystemViewController.swift */,
				99BE9DEE1D40799700429478 /* HomeViewController.swift */,
				999698E01D40D9DA0021184E /* VideoViewController.swift */,
				9966F84B1D43AB6C00DFE987 /* ProfileViewController.swift */,
			);
			name = Controller;
			sourceTree = "<group>";
		};
		99BE9DEB1D40784600429478 /* View */ = {
			isa = PBXGroup;
			children = (
				99BE9DDF1D40760D00429478 /* Assets.xcassets */,
				99BE9DDC1D40760D00429478 /* Main.storyboard */,
				99BE9DE11D40760D00429478 /* LaunchScreen.storyboard */,
				99BE9DF01D40845B00429478 /* MenuCell.swift */,
				999698E41D40DEAA0021184E /* VideoCell.swift */,
				E81016F11D410F3600600613 /* SalonCell.swift */,
				E81016F51D41127700600613 /* ListSalonView.swift */,
				E81016F71D41129200600613 /* ListSalonView.xib */,
				E81016F91D41132A00600613 /* SalonTableCell.swift */,
				E81016FA1D41132A00600613 /* SalonTableCell.xib */,
				E89F8C901D4234D60015931A /* DetailSalonView.swift */,
				E89F8C911D4234D60015931A /* DetailSalonView.xib */,
				E89F8CAA1D426C200015931A /* OtherServicesCell.swift */,
				E89F8C951D4240CA0015931A /* OtherServicesCell.xib */,
				E89F8C9E1D4257A10015931A /* OtherServicesView.swift */,
				E89F8C9C1D4257920015931A /* OtherServicesView.xib */,
				E89F8C981D4240E80015931A /* ServiceView.swift */,
				E89F8C9A1D4240F60015931A /* ServiceView.xib */,
				E89F8CA21D4258EE0015931A /* ShineComboView.swift */,
				E89F8CA41D4258FD0015931A /* ShineComboView.xib */,
				E80076A11D462A2300F394CF /* ComboCell.swift */,
				E80076A51D462A4800F394CF /* ComboCell.xib */,
				9966F84D1D43AF8B00DFE987 /* CustomerHistoryView.swift */,
				9966F84F1D43AFB500DFE987 /* CustomerHistoryView.xib */,
				9966F8511D43B09200DFE987 /* CustomerHistoryCell.swift */,
				9966F8531D43B0C400DFE987 /* CustomerHistoryCell.xib */,
			);
			name = View;
			sourceTree = "<group>";
		};
		99BE9DEC1D40784B00429478 /* Model */ = {
			isa = PBXGroup;
			children = (
				9918F52F1D431FBA00EC7B26 /* Home */,
				9966F8551D43B75C00DFE987 /* History */,
				E80076A91D465C4E00F394CF /* ChainSystem */,
				999698E61D40DF9B0021184E /* Video.swift */,
				9918F5291D431BA800EC7B26 /* DB.swift */,
			);
			name = Model;
			sourceTree = "<group>";
		};
		99BE9DED1D40785500429478 /* Library */ = {
			isa = PBXGroup;
			children = (
				999698E81D40E19F0021184E /* Apple */,
				999698E91D40E1A40021184E /* Vendor */,
			);
			name = Library;
			sourceTree = "<group>";
		};
		D82F3A5ED9DA035D44164AE6 /* Frameworks */ = {
			isa = PBXGroup;
			children = (
				838FF4F4FB476EEA698D3134 /* Pods_30Shine.framework */,
			);
			name = Frameworks;
			sourceTree = "<group>";
		};
		E80076A91D465C4E00F394CF /* ChainSystem */ = {
			isa = PBXGroup;
			children = (
				E80076AB1D465C6F00F394CF /* Services */,
				E80076AA1D465C6000F394CF /* SalonList */,
			);
			name = ChainSystem;
			sourceTree = "<group>";
		};
		E80076AA1D465C6000F394CF /* SalonList */ = {
			isa = PBXGroup;
			children = (
				E81016F31D410FF300600613 /* Salon.swift */,
				E80076AC1D465FA400F394CF /* SalonNetwork.swift */,
			);
			name = SalonList;
			sourceTree = "<group>";
		};
		E80076AB1D465C6F00F394CF /* Services */ = {
			isa = PBXGroup;
			children = (
				E89F8CA81D42695C0015931A /* Combo.swift */,
				E812EA9B1D4777FD0030EFE7 /* ComboNetwork.swift */,
				E812EA9D1D4785A70030EFE7 /* OtherService.swift */,
				E812EA9F1D47877A0030EFE7 /* OtherServiceNetwork.swift */,
			);
			name = Services;
			sourceTree = "<group>";
		};
/* End PBXGroup section */

/* Begin PBXNativeTarget section */
		99BE9DD41D40760D00429478 /* 30Shine */ = {
			isa = PBXNativeTarget;
			buildConfigurationList = 99BE9DE71D40760D00429478 /* Build configuration list for PBXNativeTarget "30Shine" */;
			buildPhases = (
				C6655CDE9AC405D1A359E38B /* [CP] Check Pods Manifest.lock */,
				99BE9DD11D40760D00429478 /* Sources */,
				99BE9DD21D40760D00429478 /* Frameworks */,
				99BE9DD31D40760D00429478 /* Resources */,
				63BF3AA97ED5FB308B35B84A /* [CP] Embed Pods Frameworks */,
				2A65D41EEB300F142C109B47 /* [CP] Copy Pods Resources */,
				834249AF22C68CD085E59B7D /* Embed Pods Frameworks */,
			);
			buildRules = (
			);
			dependencies = (
			);
			name = 30Shine;
			productName = 30Shine;
			productReference = 99BE9DD51D40760D00429478 /* 30Shine.app */;
			productType = "com.apple.product-type.application";
		};
/* End PBXNativeTarget section */

/* Begin PBXProject section */
		99BE9DCD1D40760D00429478 /* Project object */ = {
			isa = PBXProject;
			attributes = {
				LastSwiftUpdateCheck = 0730;
				LastUpgradeCheck = 0730;
				ORGANIZATIONNAME = vu;
				TargetAttributes = {
					99BE9DD41D40760D00429478 = {
						CreatedOnToolsVersion = 7.3.1;
						DevelopmentTeam = YCJNEHP2D6;
					};
				};
			};
			buildConfigurationList = 99BE9DD01D40760D00429478 /* Build configuration list for PBXProject "30Shine" */;
			compatibilityVersion = "Xcode 3.2";
			developmentRegion = English;
			hasScannedForEncodings = 0;
			knownRegions = (
				en,
				Base,
			);
			mainGroup = 99BE9DCC1D40760D00429478;
			productRefGroup = 99BE9DD61D40760D00429478 /* Products */;
			projectDirPath = "";
			projectRoot = "";
			targets = (
				99BE9DD41D40760D00429478 /* 30Shine */,
			);
		};
/* End PBXProject section */

/* Begin PBXResourcesBuildPhase section */
		99BE9DD31D40760D00429478 /* Resources */ = {
			isa = PBXResourcesBuildPhase;
			buildActionMask = 2147483647;
			files = (
				E89F8C971D4240CA0015931A /* OtherServicesCell.xib in Resources */,
				E89F8C9D1D4257920015931A /* OtherServicesView.xib in Resources */,
				E81016F81D41129200600613 /* ListSalonView.xib in Resources */,
				E89F8C931D4234D60015931A /* DetailSalonView.xib in Resources */,
				E89F8CA51D4258FD0015931A /* ShineComboView.xib in Resources */,
				E81016F01D40F85C00600613 /* UTM Alexander.ttf in Resources */,
				9966F8541D43B0C400DFE987 /* CustomerHistoryCell.xib in Resources */,
				E81016FC1D41132A00600613 /* SalonTableCell.xib in Resources */,
				9966F8501D43AFB500DFE987 /* CustomerHistoryView.xib in Resources */,
				99BE9DE31D40760D00429478 /* LaunchScreen.storyboard in Resources */,
				E89F8C9B1D4240F60015931A /* ServiceView.xib in Resources */,
				99BE9DE01D40760D00429478 /* Assets.xcassets in Resources */,
				E80076A61D462A4800F394CF /* ComboCell.xib in Resources */,
				99BE9DDE1D40760D00429478 /* Main.storyboard in Resources */,
			);
			runOnlyForDeploymentPostprocessing = 0;
		};
/* End PBXResourcesBuildPhase section */

/* Begin PBXShellScriptBuildPhase section */
		2A65D41EEB300F142C109B47 /* [CP] Copy Pods Resources */ = {
			isa = PBXShellScriptBuildPhase;
			buildActionMask = 2147483647;
			files = (
			);
			inputPaths = (
			);
			name = "[CP] Copy Pods Resources";
			outputPaths = (
			);
			runOnlyForDeploymentPostprocessing = 0;
			shellPath = /bin/sh;
			shellScript = "\"${SRCROOT}/Pods/Target Support Files/Pods-30Shine/Pods-30Shine-resources.sh\"\n";
			showEnvVarsInLog = 0;
		};
		63BF3AA97ED5FB308B35B84A /* [CP] Embed Pods Frameworks */ = {
			isa = PBXShellScriptBuildPhase;
			buildActionMask = 2147483647;
			files = (
			);
			inputPaths = (
			);
			name = "[CP] Embed Pods Frameworks";
			outputPaths = (
			);
			runOnlyForDeploymentPostprocessing = 0;
			shellPath = /bin/sh;
			shellScript = "\"${SRCROOT}/Pods/Target Support Files/Pods-30Shine/Pods-30Shine-frameworks.sh\"\n";
			showEnvVarsInLog = 0;
		};
		834249AF22C68CD085E59B7D /* Embed Pods Frameworks */ = {
			isa = PBXShellScriptBuildPhase;
			buildActionMask = 2147483647;
			files = (
			);
			inputPaths = (
			);
			name = "Embed Pods Frameworks";
			outputPaths = (
			);
			runOnlyForDeploymentPostprocessing = 0;
			shellPath = /bin/sh;
			shellScript = "\"${SRCROOT}/Pods/Target Support Files/Pods-30Shine/Pods-30Shine-frameworks.sh\"\n";
			showEnvVarsInLog = 0;
		};
		C6655CDE9AC405D1A359E38B /* [CP] Check Pods Manifest.lock */ = {
			isa = PBXShellScriptBuildPhase;
			buildActionMask = 2147483647;
			files = (
			);
			inputPaths = (
			);
			name = "[CP] Check Pods Manifest.lock";
			outputPaths = (
			);
			runOnlyForDeploymentPostprocessing = 0;
			shellPath = /bin/sh;
			shellScript = "diff \"${PODS_ROOT}/../Podfile.lock\" \"${PODS_ROOT}/Manifest.lock\" > /dev/null\nif [[ $? != 0 ]] ; then\n    cat << EOM\nerror: The sandbox is not in sync with the Podfile.lock. Run 'pod install' or update your CocoaPods installation.\nEOM\n    exit 1\nfi\n";
			showEnvVarsInLog = 0;
		};
/* End PBXShellScriptBuildPhase section */

/* Begin PBXSourcesBuildPhase section */
		99BE9DD11D40760D00429478 /* Sources */ = {
			isa = PBXSourcesBuildPhase;
			buildActionMask = 2147483647;
			files = (
				E812EA9E1D4785A70030EFE7 /* OtherService.swift in Sources */,
				E81016F41D410FF300600613 /* Salon.swift in Sources */,
				E89F8C921D4234D60015931A /* DetailSalonView.swift in Sources */,
				9918F52C1D431EAA00EC7B26 /* JASON+Alamofire.swift in Sources */,
				E80076A21D462A2300F394CF /* ComboCell.swift in Sources */,
				9918F5311D431FEE00EC7B26 /* MenuNetwork.swift in Sources */,
				9918F52E1D431F4600EC7B26 /* JSONKEYsExtension.swift in Sources */,
				999698E71D40DF9B0021184E /* Video.swift in Sources */,
				9966F84C1D43AB6C00DFE987 /* ProfileViewController.swift in Sources */,
				9966F84E1D43AF8B00DFE987 /* CustomerHistoryView.swift in Sources */,
				99BE9DD91D40760D00429478 /* AppDelegate.swift in Sources */,
				E81016F61D41127700600613 /* ListSalonView.swift in Sources */,
				9966F8591D43BA9900DFE987 /* HistoryNetwork.swift in Sources */,
				9966F85B1D43C59900DFE987 /* UIColorExtension.swift in Sources */,
				E89F8C9F1D4257A10015931A /* OtherServicesView.swift in Sources */,
				E81016FB1D41132A00600613 /* SalonTableCell.swift in Sources */,
				E812EAA01D47877A0030EFE7 /* OtherServiceNetwork.swift in Sources */,
				9966F8571D43B77F00DFE987 /* CustomerHistory.swift in Sources */,
				99BE9DEF1D40799700429478 /* HomeViewController.swift in Sources */,
				999698EB1D40E1B30021184E /* LazyImage.swift in Sources */,
				E89F8C991D4240E80015931A /* ServiceView.swift in Sources */,
				99BE9DF31D4084F700429478 /* Menu.swift in Sources */,
				E81016F21D410F3600600613 /* SalonCell.swift in Sources */,
				E89F8CA71D4260BB0015931A /* UIViewExtension.swift in Sources */,
				99C4CB321D433F46006BD121 /* SlideNetwork.swift in Sources */,
				E80076AD1D465FA400F394CF /* SalonNetwork.swift in Sources */,
				9918F5341D4320B300EC7B26 /* AppConstant.swift in Sources */,
				E89F8CA91D42695C0015931A /* Combo.swift in Sources */,
				E89F8CA31D4258EE0015931A /* ShineComboView.swift in Sources */,
				999698E51D40DEAA0021184E /* VideoCell.swift in Sources */,
				E81016EE1D40F83F00600613 /* ChainSystemViewController.swift in Sources */,
				999698E11D40D9DA0021184E /* VideoViewController.swift in Sources */,
				E89F8CAB1D426C200015931A /* OtherServicesCell.swift in Sources */,
				E812EA9C1D4777FE0030EFE7 /* ComboNetwork.swift in Sources */,
				9966F8521D43B09200DFE987 /* CustomerHistoryCell.swift in Sources */,
				99BE9DF11D40845B00429478 /* MenuCell.swift in Sources */,
				9918F52A1D431BA800EC7B26 /* DB.swift in Sources */,
			);
			runOnlyForDeploymentPostprocessing = 0;
		};
/* End PBXSourcesBuildPhase section */

/* Begin PBXVariantGroup section */
		99BE9DDC1D40760D00429478 /* Main.storyboard */ = {
			isa = PBXVariantGroup;
			children = (
				99BE9DDD1D40760D00429478 /* Base */,
			);
			name = Main.storyboard;
			sourceTree = "<group>";
		};
		99BE9DE11D40760D00429478 /* LaunchScreen.storyboard */ = {
			isa = PBXVariantGroup;
			children = (
				99BE9DE21D40760D00429478 /* Base */,
			);
			name = LaunchScreen.storyboard;
			sourceTree = "<group>";
		};
/* End PBXVariantGroup section */

/* Begin XCBuildConfiguration section */
		99BE9DE51D40760D00429478 /* Debug */ = {
			isa = XCBuildConfiguration;
			buildSettings = {
				ALWAYS_SEARCH_USER_PATHS = NO;
				CLANG_ANALYZER_NONNULL = YES;
				CLANG_CXX_LANGUAGE_STANDARD = "gnu++0x";
				CLANG_CXX_LIBRARY = "libc++";
				CLANG_ENABLE_MODULES = YES;
				CLANG_ENABLE_OBJC_ARC = YES;
				CLANG_WARN_BOOL_CONVERSION = YES;
				CLANG_WARN_CONSTANT_CONVERSION = YES;
				CLANG_WARN_DIRECT_OBJC_ISA_USAGE = YES_ERROR;
				CLANG_WARN_EMPTY_BODY = YES;
				CLANG_WARN_ENUM_CONVERSION = YES;
				CLANG_WARN_INT_CONVERSION = YES;
				CLANG_WARN_OBJC_ROOT_CLASS = YES_ERROR;
				CLANG_WARN_UNREACHABLE_CODE = YES;
				CLANG_WARN__DUPLICATE_METHOD_MATCH = YES;
				"CODE_SIGN_IDENTITY[sdk=iphoneos*]" = "iPhone Developer";
				COPY_PHASE_STRIP = NO;
				DEBUG_INFORMATION_FORMAT = dwarf;
				ENABLE_STRICT_OBJC_MSGSEND = YES;
				ENABLE_TESTABILITY = YES;
				GCC_C_LANGUAGE_STANDARD = gnu99;
				GCC_DYNAMIC_NO_PIC = NO;
				GCC_NO_COMMON_BLOCKS = YES;
				GCC_OPTIMIZATION_LEVEL = 0;
				GCC_PREPROCESSOR_DEFINITIONS = (
					"DEBUG=1",
					"$(inherited)",
				);
				GCC_WARN_64_TO_32_BIT_CONVERSION = YES;
				GCC_WARN_ABOUT_RETURN_TYPE = YES_ERROR;
				GCC_WARN_UNDECLARED_SELECTOR = YES;
				GCC_WARN_UNINITIALIZED_AUTOS = YES_AGGRESSIVE;
				GCC_WARN_UNUSED_FUNCTION = YES;
				GCC_WARN_UNUSED_VARIABLE = YES;
				IPHONEOS_DEPLOYMENT_TARGET = 9.3;
				MTL_ENABLE_DEBUG_INFO = YES;
				ONLY_ACTIVE_ARCH = YES;
				SDKROOT = iphoneos;
				SWIFT_OPTIMIZATION_LEVEL = "-Onone";
				TARGETED_DEVICE_FAMILY = "1,2";
			};
			name = Debug;
		};
		99BE9DE61D40760D00429478 /* Release */ = {
			isa = XCBuildConfiguration;
			buildSettings = {
				ALWAYS_SEARCH_USER_PATHS = NO;
				CLANG_ANALYZER_NONNULL = YES;
				CLANG_CXX_LANGUAGE_STANDARD = "gnu++0x";
				CLANG_CXX_LIBRARY = "libc++";
				CLANG_ENABLE_MODULES = YES;
				CLANG_ENABLE_OBJC_ARC = YES;
				CLANG_WARN_BOOL_CONVERSION = YES;
				CLANG_WARN_CONSTANT_CONVERSION = YES;
				CLANG_WARN_DIRECT_OBJC_ISA_USAGE = YES_ERROR;
				CLANG_WARN_EMPTY_BODY = YES;
				CLANG_WARN_ENUM_CONVERSION = YES;
				CLANG_WARN_INT_CONVERSION = YES;
				CLANG_WARN_OBJC_ROOT_CLASS = YES_ERROR;
				CLANG_WARN_UNREACHABLE_CODE = YES;
				CLANG_WARN__DUPLICATE_METHOD_MATCH = YES;
				"CODE_SIGN_IDENTITY[sdk=iphoneos*]" = "iPhone Developer";
				COPY_PHASE_STRIP = NO;
				DEBUG_INFORMATION_FORMAT = "dwarf-with-dsym";
				ENABLE_NS_ASSERTIONS = NO;
				ENABLE_STRICT_OBJC_MSGSEND = YES;
				GCC_C_LANGUAGE_STANDARD = gnu99;
				GCC_NO_COMMON_BLOCKS = YES;
				GCC_WARN_64_TO_32_BIT_CONVERSION = YES;
				GCC_WARN_ABOUT_RETURN_TYPE = YES_ERROR;
				GCC_WARN_UNDECLARED_SELECTOR = YES;
				GCC_WARN_UNINITIALIZED_AUTOS = YES_AGGRESSIVE;
				GCC_WARN_UNUSED_FUNCTION = YES;
				GCC_WARN_UNUSED_VARIABLE = YES;
				IPHONEOS_DEPLOYMENT_TARGET = 9.3;
				MTL_ENABLE_DEBUG_INFO = NO;
				SDKROOT = iphoneos;
				TARGETED_DEVICE_FAMILY = "1,2";
				VALIDATE_PRODUCT = YES;
			};
			name = Release;
		};
		99BE9DE81D40760D00429478 /* Debug */ = {
			isa = XCBuildConfiguration;
			baseConfigurationReference = 17FAE5D677117CFA7E43D718 /* Pods-30Shine.debug.xcconfig */;
			buildSettings = {
				ASSETCATALOG_COMPILER_APPICON_NAME = AppIcon;
				CODE_SIGN_IDENTITY = "iPhone Developer";
				"CODE_SIGN_IDENTITY[sdk=iphoneos*]" = "iPhone Developer";
				INFOPLIST_FILE = 30Shine/Info.plist;
				IPHONEOS_DEPLOYMENT_TARGET = 8.0;
				LD_RUNPATH_SEARCH_PATHS = "$(inherited) @executable_path/Frameworks";
				PRODUCT_BUNDLE_IDENTIFIER = trinh.30Shine;
				PRODUCT_NAME = "$(TARGET_NAME)";
				PROVISIONING_PROFILE = "";
			};
			name = Debug;
		};
		99BE9DE91D40760D00429478 /* Release */ = {
			isa = XCBuildConfiguration;
			baseConfigurationReference = 540C3FE2B4771421D2E71F1C /* Pods-30Shine.release.xcconfig */;
			buildSettings = {
				ASSETCATALOG_COMPILER_APPICON_NAME = AppIcon;
				CODE_SIGN_IDENTITY = "iPhone Developer";
				"CODE_SIGN_IDENTITY[sdk=iphoneos*]" = "iPhone Developer";
				INFOPLIST_FILE = 30Shine/Info.plist;
				IPHONEOS_DEPLOYMENT_TARGET = 8.0;
				LD_RUNPATH_SEARCH_PATHS = "$(inherited) @executable_path/Frameworks";
				PRODUCT_BUNDLE_IDENTIFIER = trinh.30Shine;
				PRODUCT_NAME = "$(TARGET_NAME)";
				PROVISIONING_PROFILE = "";
			};
			name = Release;
		};
/* End XCBuildConfiguration section */

/* Begin XCConfigurationList section */
		99BE9DD01D40760D00429478 /* Build configuration list for PBXProject "30Shine" */ = {
			isa = XCConfigurationList;
			buildConfigurations = (
				99BE9DE51D40760D00429478 /* Debug */,
				99BE9DE61D40760D00429478 /* Release */,
			);
			defaultConfigurationIsVisible = 0;
			defaultConfigurationName = Release;
		};
		99BE9DE71D40760D00429478 /* Build configuration list for PBXNativeTarget "30Shine" */ = {
			isa = XCConfigurationList;
			buildConfigurations = (
				99BE9DE81D40760D00429478 /* Debug */,
				99BE9DE91D40760D00429478 /* Release */,
			);
			defaultConfigurationIsVisible = 0;
			defaultConfigurationName = Release;
		};
/* End XCConfigurationList section */
	};
	rootObject = 99BE9DCD1D40760D00429478 /* Project object */;
}
